
Microsoft Visual Studio Solution File, Format Version 12.00
# Visual Studio Version 16
VisualStudioVersion = 16.0.31112.23
MinimumVisualStudioVersion = 10.0.40219.1
Project("{FAE04EC0-301F-11D3-BF4B-00C04F79EFBC}") = "Tp Integrador", "Tp Integrador\Tp Integrador.csproj", "{9989EC76-3A59-4314-9CB7-F647B2CA3D4E}"
EndProject
Global
	GlobalSection(SolutionConfigurationPlatforms) = preSolution
		Debug|Any CPU = Debug|Any CPU
		Release|Any CPU = Release|Any CPU
	EndGlobalSection
	GlobalSection(ProjectConfigurationPlatforms) = postSolution
		{9989EC76-3A59-4314-9CB7-F647B2CA3D4E}.Debug|Any CPU.ActiveCfg = Debug|Any CPU
		{9989EC76-3A59-4314-9CB7-F647B2CA3D4E}.Debug|Any CPU.Build.0 = Debug|Any CPU
		{9989EC76-3A59-4314-9CB7-F647B2CA3D4E}.Release|Any CPU.ActiveCfg = Release|Any CPU
		{9989EC76-3A59-4314-9CB7-F647B2CA3D4E}.Release|Any CPU.Build.0 = Release|Any CPU
	EndGlobalSection
	GlobalSection(SolutionProperties) = preSolution
		HideSolutionNode = FALSE
	EndGlobalSection
	GlobalSection(ExtensibilityGlobals) = postSolution
		SolutionGuid = {00BC6DFB-995F-4145-AFD2-548FD0F83C9C}
	EndGlobalSection
EndGlobal
