
Microsoft Visual Studio Solution File, Format Version 12.00
# Visual Studio Version 16
VisualStudioVersion = 16.0.31112.23
MinimumVisualStudioVersion = 10.0.40219.1
Project("{2150E333-8FDC-42A3-9474-1A3956D46DE8}") = "Solution Items", "Solution Items", "{4366F404-E9DD-4DEF-AD26-06A60DD57719}"
EndProject
Project("{2150E333-8FDC-42A3-9474-1A3956D46DE8}") = "Imagenes", "Imagenes", "{AD93807E-DE55-47B2-9A21-BF7FDD8530E8}"
EndProject
Project("{FAE04EC0-301F-11D3-BF4B-00C04F79EFBC}") = "Dao", "Dao\Dao.csproj", "{35752469-40CA-4CB0-8CC2-7AE405167564}"
EndProject
Project("{FAE04EC0-301F-11D3-BF4B-00C04F79EFBC}") = "Entidades", "Entidades\Entidades.csproj", "{7150323E-2901-49B8-ACD2-E9B6B86EB8B4}"
EndProject
Project("{FAE04EC0-301F-11D3-BF4B-00C04F79EFBC}") = "Vistas", "Vistas\Vistas.csproj", "{4A29E0CF-E858-4226-B29E-CF9B38F3983A}"
EndProject
Project("{FAE04EC0-301F-11D3-BF4B-00C04F79EFBC}") = "Negocio", "Negocio\Negocio.csproj", "{459DFB6A-F679-42FE-9A91-AFE68BEB436A}"
EndProject
Global
	GlobalSection(SolutionConfigurationPlatforms) = preSolution
		Debug|Any CPU = Debug|Any CPU
		Release|Any CPU = Release|Any CPU
	EndGlobalSection
	GlobalSection(ProjectConfigurationPlatforms) = postSolution
		{35752469-40CA-4CB0-8CC2-7AE405167564}.Debug|Any CPU.ActiveCfg = Debug|Any CPU
		{35752469-40CA-4CB0-8CC2-7AE405167564}.Debug|Any CPU.Build.0 = Debug|Any CPU
		{35752469-40CA-4CB0-8CC2-7AE405167564}.Release|Any CPU.ActiveCfg = Release|Any CPU
		{35752469-40CA-4CB0-8CC2-7AE405167564}.Release|Any CPU.Build.0 = Release|Any CPU
		{7150323E-2901-49B8-ACD2-E9B6B86EB8B4}.Debug|Any CPU.ActiveCfg = Debug|Any CPU
		{7150323E-2901-49B8-ACD2-E9B6B86EB8B4}.Debug|Any CPU.Build.0 = Debug|Any CPU
		{7150323E-2901-49B8-ACD2-E9B6B86EB8B4}.Release|Any CPU.ActiveCfg = Release|Any CPU
		{7150323E-2901-49B8-ACD2-E9B6B86EB8B4}.Release|Any CPU.Build.0 = Release|Any CPU
		{4A29E0CF-E858-4226-B29E-CF9B38F3983A}.Debug|Any CPU.ActiveCfg = Debug|Any CPU
		{4A29E0CF-E858-4226-B29E-CF9B38F3983A}.Debug|Any CPU.Build.0 = Debug|Any CPU
		{4A29E0CF-E858-4226-B29E-CF9B38F3983A}.Release|Any CPU.ActiveCfg = Release|Any CPU
		{4A29E0CF-E858-4226-B29E-CF9B38F3983A}.Release|Any CPU.Build.0 = Release|Any CPU
		{459DFB6A-F679-42FE-9A91-AFE68BEB436A}.Debug|Any CPU.ActiveCfg = Debug|Any CPU
		{459DFB6A-F679-42FE-9A91-AFE68BEB436A}.Debug|Any CPU.Build.0 = Debug|Any CPU
		{459DFB6A-F679-42FE-9A91-AFE68BEB436A}.Release|Any CPU.ActiveCfg = Release|Any CPU
		{459DFB6A-F679-42FE-9A91-AFE68BEB436A}.Release|Any CPU.Build.0 = Release|Any CPU
	EndGlobalSection
	GlobalSection(SolutionProperties) = preSolution
		HideSolutionNode = FALSE
	EndGlobalSection
	GlobalSection(ExtensibilityGlobals) = postSolution
		SolutionGuid = {00BC6DFB-995F-4145-AFD2-548FD0F83C9C}
	EndGlobalSection
EndGlobal
